{
  "name": "ucan-adventure-companion",
  "version": "0.1.0",
  "lockfileVersion": 2,
  "requires": true,
  "packages": {
    "": {
      "name": "ucan-adventure-companion",
      "version": "0.1.0",
      "license": "ISC",
      "dependencies": {
        "ucans": "^0.10.0",
        "uint8arrays": "^3.0.0"
      },
      "devDependencies": {
        "@types/node": "^18.6.3",
        "typescript": "^4.7.4"
      }
    },
    "node_modules/@stablelib/binary": {
      "version": "1.0.1",
      "resolved": "https://registry.npmjs.org/@stablelib/binary/-/binary-1.0.1.tgz",
      "integrity": "sha512-ClJWvmL6UBM/wjkvv/7m5VP3GMr9t0osr4yVgLZsLCOz4hGN9gIAFEqnJ0TsSMAN+n840nf2cHZnA5/KFqHC7Q==",
      "dependencies": {
        "@stablelib/int": "^1.0.1"
      }
    },
    "node_modules/@stablelib/ed25519": {
      "version": "1.0.2",
      "resolved": "https://registry.npmjs.org/@stablelib/ed25519/-/ed25519-1.0.2.tgz",
      "integrity": "sha512-FtnvUwvKbp6l1dNcg4CswMAVFVu/nzLK3oC7/PRtjYyHbWsIkD8j+5cjXHmwcCpdCpRCaTGACkEhhMQ1RcdSOQ==",
      "dependencies": {
        "@stablelib/random": "^1.0.1",
        "@stablelib/sha512": "^1.0.1",
        "@stablelib/wipe": "^1.0.1"
      }
    },
    "node_modules/@stablelib/hash": {
      "version": "1.0.1",
      "resolved": "https://registry.npmjs.org/@stablelib/hash/-/hash-1.0.1.tgz",
      "integrity": "sha512-eTPJc/stDkdtOcrNMZ6mcMK1e6yBbqRBaNW55XA1jU8w/7QdnCF0CmMmOD1m7VSkBR44PWrMHU2l6r8YEQHMgg=="
    },
    "node_modules/@stablelib/int": {
      "version": "1.0.1",
      "resolved": "https://registry.npmjs.org/@stablelib/int/-/int-1.0.1.tgz",
      "integrity": "sha512-byr69X/sDtDiIjIV6m4roLVWnNNlRGzsvxw+agj8CIEazqWGOQp2dTYgQhtyVXV9wpO6WyXRQUzLV/JRNumT2w=="
    },
    "node_modules/@stablelib/random": {
      "version": "1.0.1",
      "resolved": "https://registry.npmjs.org/@stablelib/random/-/random-1.0.1.tgz",
      "integrity": "sha512-zOh+JHX3XG9MSfIB0LZl/YwPP9w3o6WBiJkZvjPoKKu5LKFW4OLV71vMxWp9qG5T43NaWyn0QQTWgqCdO+yOBQ==",
      "dependencies": {
        "@stablelib/binary": "^1.0.1",
        "@stablelib/wipe": "^1.0.1"
      }
    },
    "node_modules/@stablelib/sha512": {
      "version": "1.0.1",
      "resolved": "https://registry.npmjs.org/@stablelib/sha512/-/sha512-1.0.1.tgz",
      "integrity": "sha512-13gl/iawHV9zvDKciLo1fQ8Bgn2Pvf7OV6amaRVKiq3pjQ3UmEpXxWiAfV8tYjUpeZroBxtyrwtdooQT/i3hzw==",
      "dependencies": {
        "@stablelib/binary": "^1.0.1",
        "@stablelib/hash": "^1.0.1",
        "@stablelib/wipe": "^1.0.1"
      }
    },
    "node_modules/@stablelib/wipe": {
      "version": "1.0.1",
      "resolved": "https://registry.npmjs.org/@stablelib/wipe/-/wipe-1.0.1.tgz",
      "integrity": "sha512-WfqfX/eXGiAd3RJe4VU2snh/ZPwtSjLG4ynQ/vYzvghTh7dHFcI1wl+nrkWG6lGhukOxOsUHfv8dUXr58D0ayg=="
    },
    "node_modules/@types/node": {
      "version": "18.6.3",
      "resolved": "https://registry.npmjs.org/@types/node/-/node-18.6.3.tgz",
      "integrity": "sha512-6qKpDtoaYLM+5+AFChLhHermMQxc3TOEFIDzrZLPRGHPrLEwqFkkT5Kx3ju05g6X7uDPazz3jHbKPX0KzCjntg==",
      "dev": true
    },
    "node_modules/big-integer": {
      "version": "1.6.51",
      "resolved": "https://registry.npmjs.org/big-integer/-/big-integer-1.6.51.tgz",
      "integrity": "sha512-GPEid2Y9QU1Exl1rpO9B2IPJGHPSupF5GnVIP0blYvNOMer2bTvSWs1jGOUg04hTmu67nmLsQ9TBo1puaotBHg==",
      "engines": {
        "node": ">=0.6"
      }
    },
    "node_modules/multiformats": {
      "version": "9.7.1",
      "resolved": "https://registry.npmjs.org/multiformats/-/multiformats-9.7.1.tgz",
      "integrity": "sha512-TaVmGEBt0fhxiNJMGphBfB+oGvUxFs8KgGvgl8d3C+GWtrFcvXdJ2196eg+dYhmSFClmgFfSfJEklo+SZzdNuw=="
    },
    "node_modules/one-webcrypto": {
      "version": "1.0.3",
      "resolved": "https://registry.npmjs.org/one-webcrypto/-/one-webcrypto-1.0.3.tgz",
      "integrity": "sha512-fu9ywBVBPx0gS9K0etIROTiCkvI5S1TDjFsYFb3rC1ewFxeOqsbzq7aIMBHsYfrTHBcGXJaONXXjTl8B01cW1Q=="
    },
    "node_modules/typescript": {
      "version": "4.7.4",
      "resolved": "https://registry.npmjs.org/typescript/-/typescript-4.7.4.tgz",
      "integrity": "sha512-C0WQT0gezHuw6AdY1M2jxUO83Rjf0HP7Sk1DtXj6j1EwkQNZrHAg2XPWlq62oqEhYvONq5pkC2Y9oPljWToLmQ==",
      "dev": true,
      "bin": {
        "tsc": "bin/tsc",
        "tsserver": "bin/tsserver"
      },
      "engines": {
        "node": ">=4.2.0"
      }
    },
    "node_modules/ucans": {
      "version": "0.10.0",
      "resolved": "https://registry.npmjs.org/ucans/-/ucans-0.10.0.tgz",
      "integrity": "sha512-DISXhlgjFR900NTdoEEkuBlDUHFKiLVnFlFx7WUVTpPXCbxFlkBa3Kviz+s1hclQAcv5dP3d1l9WFLiYx80ppQ==",
      "dependencies": {
        "@stablelib/ed25519": "^1.0.2",
        "big-integer": "^1.6.51",
        "one-webcrypto": "^1.0.3",
        "uint8arrays": "^3.0.0"
      },
      "engines": {
        "node": ">=15"
      }
    },
    "node_modules/uint8arrays": {
      "version": "3.0.0",
      "resolved": "https://registry.npmjs.org/uint8arrays/-/uint8arrays-3.0.0.tgz",
      "integrity": "sha512-HRCx0q6O9Bfbp+HHSfQQKD7wU70+lydKVt4EghkdOvlK/NlrF90z+eXV34mUd48rNvVJXwkrMSPpCATkct8fJA==",
      "dependencies": {
        "multiformats": "^9.4.2"
      }
    }
  },
  "dependencies": {
    "@stablelib/binary": {
      "version": "1.0.1",
      "resolved": "https://registry.npmjs.org/@stablelib/binary/-/binary-1.0.1.tgz",
      "integrity": "sha512-ClJWvmL6UBM/wjkvv/7m5VP3GMr9t0osr4yVgLZsLCOz4hGN9gIAFEqnJ0TsSMAN+n840nf2cHZnA5/KFqHC7Q==",
      "requires": {
        "@stablelib/int": "^1.0.1"
      }
    },
    "@stablelib/ed25519": {
      "version": "1.0.2",
      "resolved": "https://registry.npmjs.org/@stablelib/ed25519/-/ed25519-1.0.2.tgz",
      "integrity": "sha512-FtnvUwvKbp6l1dNcg4CswMAVFVu/nzLK3oC7/PRtjYyHbWsIkD8j+5cjXHmwcCpdCpRCaTGACkEhhMQ1RcdSOQ==",
      "requires": {
        "@stablelib/random": "^1.0.1",
        "@stablelib/sha512": "^1.0.1",
        "@stablelib/wipe": "^1.0.1"
      }
    },
    "@stablelib/hash": {
      "version": "1.0.1",
      "resolved": "https://registry.npmjs.org/@stablelib/hash/-/hash-1.0.1.tgz",
      "integrity": "sha512-eTPJc/stDkdtOcrNMZ6mcMK1e6yBbqRBaNW55XA1jU8w/7QdnCF0CmMmOD1m7VSkBR44PWrMHU2l6r8YEQHMgg=="
    },
    "@stablelib/int": {
      "version": "1.0.1",
      "resolved": "https://registry.npmjs.org/@stablelib/int/-/int-1.0.1.tgz",
      "integrity": "sha512-byr69X/sDtDiIjIV6m4roLVWnNNlRGzsvxw+agj8CIEazqWGOQp2dTYgQhtyVXV9wpO6WyXRQUzLV/JRNumT2w=="
    },
    "@stablelib/random": {
      "version": "1.0.1",
      "resolved": "https://registry.npmjs.org/@stablelib/random/-/random-1.0.1.tgz",
      "integrity": "sha512-zOh+JHX3XG9MSfIB0LZl/YwPP9w3o6WBiJkZvjPoKKu5LKFW4OLV71vMxWp9qG5T43NaWyn0QQTWgqCdO+yOBQ==",
      "requires": {
        "@stablelib/binary": "^1.0.1",
        "@stablelib/wipe": "^1.0.1"
      }
    },
    "@stablelib/sha512": {
      "version": "1.0.1",
      "resolved": "https://registry.npmjs.org/@stablelib/sha512/-/sha512-1.0.1.tgz",
      "integrity": "sha512-13gl/iawHV9zvDKciLo1fQ8Bgn2Pvf7OV6amaRVKiq3pjQ3UmEpXxWiAfV8tYjUpeZroBxtyrwtdooQT/i3hzw==",
      "requires": {
        "@stablelib/binary": "^1.0.1",
        "@stablelib/hash": "^1.0.1",
        "@stablelib/wipe": "^1.0.1"
      }
    },
    "@stablelib/wipe": {
      "version": "1.0.1",
      "resolved": "https://registry.npmjs.org/@stablelib/wipe/-/wipe-1.0.1.tgz",
      "integrity": "sha512-WfqfX/eXGiAd3RJe4VU2snh/ZPwtSjLG4ynQ/vYzvghTh7dHFcI1wl+nrkWG6lGhukOxOsUHfv8dUXr58D0ayg=="
    },
    "@types/node": {
      "version": "18.6.3",
      "resolved": "https://registry.npmjs.org/@types/node/-/node-18.6.3.tgz",
      "integrity": "sha512-6qKpDtoaYLM+5+AFChLhHermMQxc3TOEFIDzrZLPRGHPrLEwqFkkT5Kx3ju05g6X7uDPazz3jHbKPX0KzCjntg==",
      "dev": true
    },
    "big-integer": {
      "version": "1.6.51",
      "resolved": "https://registry.npmjs.org/big-integer/-/big-integer-1.6.51.tgz",
      "integrity": "sha512-GPEid2Y9QU1Exl1rpO9B2IPJGHPSupF5GnVIP0blYvNOMer2bTvSWs1jGOUg04hTmu67nmLsQ9TBo1puaotBHg=="
    },
    "multiformats": {
      "version": "9.7.1",
      "resolved": "https://registry.npmjs.org/multiformats/-/multiformats-9.7.1.tgz",
      "integrity": "sha512-TaVmGEBt0fhxiNJMGphBfB+oGvUxFs8KgGvgl8d3C+GWtrFcvXdJ2196eg+dYhmSFClmgFfSfJEklo+SZzdNuw=="
    },
    "one-webcrypto": {
      "version": "1.0.3",
      "resolved": "https://registry.npmjs.org/one-webcrypto/-/one-webcrypto-1.0.3.tgz",
      "integrity": "sha512-fu9ywBVBPx0gS9K0etIROTiCkvI5S1TDjFsYFb3rC1ewFxeOqsbzq7aIMBHsYfrTHBcGXJaONXXjTl8B01cW1Q=="
    },
    "typescript": {
      "version": "4.7.4",
      "resolved": "https://registry.npmjs.org/typescript/-/typescript-4.7.4.tgz",
      "integrity": "sha512-C0WQT0gezHuw6AdY1M2jxUO83Rjf0HP7Sk1DtXj6j1EwkQNZrHAg2XPWlq62oqEhYvONq5pkC2Y9oPljWToLmQ==",
      "dev": true
    },
    "ucans": {
      "version": "0.10.0",
      "resolved": "https://registry.npmjs.org/ucans/-/ucans-0.10.0.tgz",
      "integrity": "sha512-DISXhlgjFR900NTdoEEkuBlDUHFKiLVnFlFx7WUVTpPXCbxFlkBa3Kviz+s1hclQAcv5dP3d1l9WFLiYx80ppQ==",
      "requires": {
        "@stablelib/ed25519": "^1.0.2",
        "big-integer": "^1.6.51",
        "one-webcrypto": "^1.0.3",
        "uint8arrays": "^3.0.0"
      }
    },
    "uint8arrays": {
      "version": "3.0.0",
      "resolved": "https://registry.npmjs.org/uint8arrays/-/uint8arrays-3.0.0.tgz",
      "integrity": "sha512-HRCx0q6O9Bfbp+HHSfQQKD7wU70+lydKVt4EghkdOvlK/NlrF90z+eXV34mUd48rNvVJXwkrMSPpCATkct8fJA==",
      "requires": {
        "multiformats": "^9.4.2"
      }
    }
  }
}
